
Microsoft Visual Studio Solution File, Format Version 12.00
# Visual Studio Version 16
VisualStudioVersion = 16.0.30611.23
MinimumVisualStudioVersion = 10.0.40219.1
Project("{FAE04EC0-301F-11D3-BF4B-00C04F79EFBC}") = "Kursach", "Kursach\Kursach.csproj", "{3303BF58-9958-4254-B5E4-6F894F3EA9C3}"
EndProject
Global
	GlobalSection(SolutionConfigurationPlatforms) = preSolution
		Debug|Any CPU = Debug|Any CPU
		Release|Any CPU = Release|Any CPU
	EndGlobalSection
	GlobalSection(ProjectConfigurationPlatforms) = postSolution
		{3303BF58-9958-4254-B5E4-6F894F3EA9C3}.Debug|Any CPU.ActiveCfg = Debug|Any CPU
		{3303BF58-9958-4254-B5E4-6F894F3EA9C3}.Debug|Any CPU.Build.0 = Debug|Any CPU
		{3303BF58-9958-4254-B5E4-6F894F3EA9C3}.Release|Any CPU.ActiveCfg = Release|Any CPU
		{3303BF58-9958-4254-B5E4-6F894F3EA9C3}.Release|Any CPU.Build.0 = Release|Any CPU
	EndGlobalSection
	GlobalSection(SolutionProperties) = preSolution
		HideSolutionNode = FALSE
	EndGlobalSection
	GlobalSection(ExtensibilityGlobals) = postSolution
		SolutionGuid = {752B0CE7-A869-4785-B34E-8F2D9C76D84E}
	EndGlobalSection
EndGlobal
